
Microsoft Visual Studio Solution File, Format Version 12.00
# Visual Studio Version 17
VisualStudioVersion = 17.1.32328.378
MinimumVisualStudioVersion = 10.0.40219.1
Project("{9A19103F-16F7-4668-BE54-9A1E7A4F7556}") = "EFDataAccessLibrary", "EFDataAccessLibrary\EFDataAccessLibrary.csproj", "{8F697720-4937-4635-B31B-353F479E7C79}"
EndProject
Project("{9A19103F-16F7-4668-BE54-9A1E7A4F7556}") = "DemoWebAPI", "DemoWebAPI\DemoWebAPI.csproj", "{4612C03B-6AB4-4051-B055-A4A64E5A7DDA}"
EndProject
Global
	GlobalSection(SolutionConfigurationPlatforms) = preSolution
		Debug|Any CPU = Debug|Any CPU
		Release|Any CPU = Release|Any CPU
	EndGlobalSection
	GlobalSection(ProjectConfigurationPlatforms) = postSolution
		{8F697720-4937-4635-B31B-353F479E7C79}.Debug|Any CPU.ActiveCfg = Debug|Any CPU
		{8F697720-4937-4635-B31B-353F479E7C79}.Debug|Any CPU.Build.0 = Debug|Any CPU
		{8F697720-4937-4635-B31B-353F479E7C79}.Release|Any CPU.ActiveCfg = Release|Any CPU
		{8F697720-4937-4635-B31B-353F479E7C79}.Release|Any CPU.Build.0 = Release|Any CPU
		{4612C03B-6AB4-4051-B055-A4A64E5A7DDA}.Debug|Any CPU.ActiveCfg = Debug|Any CPU
		{4612C03B-6AB4-4051-B055-A4A64E5A7DDA}.Debug|Any CPU.Build.0 = Debug|Any CPU
		{4612C03B-6AB4-4051-B055-A4A64E5A7DDA}.Release|Any CPU.ActiveCfg = Release|Any CPU
		{4612C03B-6AB4-4051-B055-A4A64E5A7DDA}.Release|Any CPU.Build.0 = Release|Any CPU
	EndGlobalSection
	GlobalSection(SolutionProperties) = preSolution
		HideSolutionNode = FALSE
	EndGlobalSection
	GlobalSection(ExtensibilityGlobals) = postSolution
		SolutionGuid = {4B815DDD-6BBD-46AE-AF9D-581924A1CA41}
	EndGlobalSection
EndGlobal
